{
    "_meta": {
        "hash": {
            "sha256": "58bf52ba0a6fd916e5db4bd1a557b5c6d86c65932dacb1c234ef54e66fe47e96"
        },
        "pipfile-spec": 6,
        "requires": {
            "python_version": "3.12"
        },
        "sources": [
            {
                "name": "pypi",
                "url": "https://pypi.org/simple",
                "verify_ssl": true
            }
        ]
    },
    "default": {
        "altgraph": {
            "hashes": [
                "sha256:1b5afbb98f6c4dcadb2e2ae6ab9fa994bbb8c1d75f4fa96d340f9437ae454406",
                "sha256:642743b4750de17e655e6711601b077bc6598dbfa3ba5fa2b2a35ce12b508dff"
            ],
            "version": "==0.17.4"
        },
        "keyboard": {
            "hashes": [
                "sha256:63ed83305955939ca5c9a73755e5cc43e8242263f5ad5fd3bb7e0b032f3d308b",
                "sha256:8e9c2422f1217e0bd84489b9ecd361027cc78415828f4fe4f88dd4acd587947b"
            ],
            "index": "pypi",
            "version": "==0.13.5"
        },
        "packaging": {
            "hashes": [
                "sha256:29572ef2b1f17581046b3a2227d5c611fb25ec70ca1ba8554b24b0e69331a484",
                "sha256:d443872c98d677bf60f6a1f2f8c1cb748e8fe762d2bf9d3148b5599295b0fc4f"
            ],
            "markers": "python_version >= '3.8'",
            "version": "==25.0"
        },
        "pefile": {
            "hashes": [
                "sha256:82e6114004b3d6911c77c3953e3838654b04511b8b66e8583db70c65998017dc",
                "sha256:da185cd2af68c08a6cd4481f7325ed600a88f6a813bad9dea07ab3ef73d8d8d6"
            ],
            "markers": "python_full_version >= '3.6.0'",
            "version": "==2023.2.7"
        },
        "pyinstaller": {
            "hashes": [
                "sha256:38911feec2c5e215e5159a7e66fdb12400168bd116143b54a8a7a37f08733456",
                "sha256:589937548d34978c568cfdc39f31cf386f45202bc27fdb8facb989c79dfb4c02",
                "sha256:80c568848529635aa7ca46d8d525f68486d53e03f68b7bb5eba2c88d742e302c",
                "sha256:8d4296236b85aae570379488c2da833b28828b17c57c2cc21fccd7e3811fe372",
                "sha256:92efcf2f09e78f07b568c5cb7ed48c9940f5dad627af4b49bede6320fab2a06e",
                "sha256:92fe7337c5aa08d42b38d7a79614492cb571489f2cb0a8f91dc9ef9ccbe01ed3",
                "sha256:9f82f113c463f012faa0e323d952ca30a6f922685d9636e754bd3a256c7ed200",
                "sha256:aa404f0b02cd57948098055e76ee190b8e65ccf7a2a3f048e5000f668317069f",
                "sha256:b7260832f7501ba1d2ce1834d4cddc0f2b94315282bc89c59333433715015447",
                "sha256:bc09795f5954135dd4486c1535650958c8218acb954f43860e4b05fb515a21c0",
                "sha256:d9f21d56ca2443aa6a1e255e7ad285c76453893a454105abe1b4d45e92bb9a20",
                "sha256:db0e7945ebe276f604eb7c36e536479556ab32853412095e19172a5ec8fca1c5"
            ],
            "index": "pypi",
            "markers": "python_version < '3.14' and python_version >= '3.8'",
            "version": "==6.13.0"
        },
        "pyinstaller-hooks-contrib": {
            "hashes": [
                "sha256:5ce1afd1997b03e70f546207031cfdf2782030aabacc102190677059e2856446",
                "sha256:6c2d73269b4c484eb40051fc1acee0beb113c2cfb3b37437b8394faae6f0d072"
            ],
            "markers": "python_version >= '3.8'",
            "version": "==2025.4"
        },
        "pyqt6": {
            "hashes": [
                "sha256:0c8b7251608e05b479cfe731f95857e853067459f7cbbcfe90f89de1bcf04280",
                "sha256:1cbc5a282454cf19691be09eadbde019783f1ae0523e269b211b0173b67373f6",
                "sha256:5344240747e81bde1a4e0e98d4e6e2d96ad56a985d8f36b69cd529c1ca9ff760",
                "sha256:6a8ff8e3cd18311bb7d937f7d741e787040ae7ff47ce751c28a94c5cddc1b4e6",
                "sha256:d36482000f0cd7ce84a35863766f88a5e671233d5f1024656b600cd8915b3752",
                "sha256:e344868228c71fc89a0edeb325497df4ff731a89cfa5fe57a9a4e9baecc9512b"
            ],
            "index": "pypi",
            "markers": "python_version >= '3.9'",
            "version": "==6.9.0"
        },
        "pyqt6-qt6": {
            "hashes": [
                "sha256:1188f118d1c570d27fba39707e3d8a48525f979816e73de0da55b9e6fa9ad0a1",
                "sha256:6d3875119dec6bf5f799facea362aa0ad39bb23aa9654112faa92477abccb5ff",
                "sha256:9c0e603c934e4f130c110190fbf2c482ff1221a58317266570678bc02db6b152",
                "sha256:b1c4e4a78f0f22fbf88556e3d07c99e5ce93032feae5c1e575958d914612e0f9",
                "sha256:c825a6f5a9875ef04ef6681eda16aa3a9e9ad71847aa78dfafcf388c8007aa0a",
                "sha256:cf840e8ae20a0704e0343810cf0e485552db28bf09ea976e58ec0e9b7bb27fcd"
            ],
            "version": "==6.9.0"
        },
        "pyqt6-sip": {
            "hashes": [
                "sha256:0422781c77b85eefd7a26f104c5998ede178a16b0fd35212664250215b6e5e4c",
                "sha256:079bb946edc3960f08d92b3a8eebff55d3abb51bc2a0583b6683dfd9f77a616a",
                "sha256:0fcb30756568f8cd59290f9ef2ae5ee3e72ff9cdd61a6f80c9e3d3b95ae676be",
                "sha256:21417ffd2c489afef114cb09683bbc0fb24d78df848a21fc0d09e70ecbb0a4a4",
                "sha256:2d579d810d0047d40bde9c6aef281d6ed218db93c9496ebc9e55b9e6f27a229d",
                "sha256:39cba2cc71cf80a99b4dc8147b43508d4716e128f9fb99f5eb5860a37f082282",
                "sha256:466d6b4791973c9fcbdc2e0087ed194b9ea802a8c3948867a849498f0841c70c",
                "sha256:48791db2914fc39c3218519a02d2a5fd3fcd354a1be3141a57bf2880701486f2",
                "sha256:548c70bc40d993be0eb011e1bbc41ba7c95f6af375613b58217f39ad8d703345",
                "sha256:571900c44a3e38738d696234d94fe2043972b9de0633505451c99e2922cb6a34",
                "sha256:5f026a1278f9c2a745542d4a05350f2392d4cf339275fb8efccb47b0f213d120",
                "sha256:6e1b1f7a29290afc83bcd9970e0cffa2d0da87d81796b6eab7b6f583e4f49652",
                "sha256:6e78fb8036b18f6258a1af0956c5a3cec1dd3d8dd5196ecd89a31b529bf40e82",
                "sha256:757ac52c92b2ef0b56ecc7cd763b55a62d3c14271d7ea8d03315af85a70090ff",
                "sha256:7b6e250c2e7c14702a623f2cc1479d7fb8db2b6eee9697cac10d06fe79c281bb",
                "sha256:90974f5dbba1f5d1d2ca9b1cfdfd5258e5e3cfacead03f0df674d54c69973ea7",
                "sha256:ad573184fa8b00041944e5a17d150ab0d08db2d2189e39c9373574ebab3f2e58",
                "sha256:ae15358941f127cd3d1ab09c1ebd45c4dabb0b2e91587b9eebde0279d0039c54",
                "sha256:bbefd5539eeda4dec37e8b6dfc362ba240ec31279060336bcceaff572807dac8",
                "sha256:d27a3fed2a461f179d3cde6a74530fbad629ccaa66ed739b9544fda1932887af",
                "sha256:d6daa95a0bd315d9ec523b549e0ce97455f61ded65d5eafecd83ed2aa4ae5350",
                "sha256:e19d5887fa3003a635419644dfed3158cb15eb566fc27b1ed56913a5767a71dc",
                "sha256:e7b1258963717cfae1d30e262bb784db808072a8a674d98f57c2076caaa50499",
                "sha256:f64183dde2af36515dab515f4301a5a8d9b3658b231769fa48fe6287dc52f375"
            ],
            "markers": "python_version >= '3.9'",
            "version": "==13.10.0"
        },
        "pywin32-ctypes": {
            "hashes": [
                "sha256:8a1513379d709975552d202d942d9837758905c8d01eb82b8bcc30918929e7b8",
                "sha256:d162dc04946d704503b2edc4d55f3dba5c1d539ead017afa00142c38b9885755"
            ],
            "markers": "python_version >= '3.6'",
            "version": "==0.2.3"
        },
        "setuptools": {
            "hashes": [
                "sha256:5a78f61820bc088c8e4add52932ae6b8cf423da2aff268c23f813cfbb13b4006",
                "sha256:6cdc8cb9a7d590b237dbe4493614a9b75d0559b888047c1f67d49ba50fc3edb2"
            ],
            "markers": "python_version >= '3.9'",
            "version": "==80.4.0"
        }
    },
    "develop": {}
}
